# This file was autogenerated by Stack.
# You should not edit this file by hand.
# For more information, please see the documentation at:
#   https://docs.haskellstack.org/en/stable/lock_files

packages:
- completed:
    hackage: gitlib-3.1.2@sha256:0f7142d8d58f7717242d65238e8814f17f9bbe7224a463adf34f75262c536227,2949
    pantry-tree:
      size: 982
      sha256: 6a6fad020f023be98bddcbcca7ba1c97d9e606f768b6ca6e845ad18285c89748
  original:
    hackage: gitlib-3.1.2
- completed:
    hackage: gitlib-libgit2-3.1.2.1@sha256:36bc92f117158440ca69e32051aabdf9df75be8a3fb5f45dff8828898e615a0a,2354
    pantry-tree:
      size: 516
      sha256: 47695cdeb7c1fb95a5c4bfd21bf46014554ccdd1e5059d5558a0348042044f39
  original:
    hackage: gitlib-libgit2-3.1.2.1
- completed:
    hackage: github-0.22@sha256:13f09e904248a40dd173c08f2859d0dfda178a7c27f88df20b70a0d5a7614757,6909
    pantry-tree:
      size: 7050
      sha256: f290767f547b77ae323da3fb92a662c8a9e5fed1c23f626937e79ae983b84af0
  original:
    hackage: github-0.22
- completed:
    hackage: binary-instances-1@sha256:e7768b92f34bc40cc5cabecc5c143dee6ab4bcb5eb441d58e15a0b000d64940b,2591
    pantry-tree:
      size: 1035
      sha256: e0425d75675a23270bdf570faee30edb28d3f19ba45e166b4ce1725a7b778043
  original:
    hackage: binary-instances-1
- completed:
    hackage: functor-combinators-0.1.0.1@sha256:12a71a8773e4256c0abe8d10c80ac8d42b158ca287ca51c058c7c1f703e31fd9,3736
    pantry-tree:
      size: 1565
      sha256: 7bbec0b8a206721fae00983ece0717a242c7e35463fc756ef9ff5b734825cb4a
  original:
    hackage: functor-combinators-0.1.0.1
- completed:
    hackage: trivial-constraint-0.5.1.0@sha256:80f052aa9527ed23fe4bf5066535d5a393a1573b9c193a4cddd2c51ab12b310f,1767
    pantry-tree:
      size: 234
      sha256: 92c37318759cbff761155e9d23f786a1e0b62f154cb3edfb6e87f91bc7bf821c
  original:
    hackage: trivial-constraint-0.5.1.0
snapshots:
- completed:
    size: 514362
    url: https://raw.githubusercontent.com/commercialhaskell/stackage-snapshots/master/nightly/2019/6/20.yaml
    sha256: 3a7ff946551a576963117ef926203e4d7b2366d7c0b577c080c3d35343f563b0
  original: nightly-2019-06-20
